// !$*UTF8*$!
{
	archiveVersion = 1;
	classes = {
	};
	objectVersion = 46;
	objects = {

/* Begin PBXBuildFile section */
		183310501D3F1B6D0093D32E /* NSData+ImageContentType.m in Sources */ = {isa = PBXBuildFile; fileRef = 183310341D3F1B6D0093D32E /* NSData+ImageContentType.m */; };
		183310511D3F1B6D0093D32E /* SDImageCache.m in Sources */ = {isa = PBXBuildFile; fileRef = 183310361D3F1B6D0093D32E /* SDImageCache.m */; };
		183310521D3F1B6D0093D32E /* SDWebImageCompat.m in Sources */ = {isa = PBXBuildFile; fileRef = 183310381D3F1B6D0093D32E /* SDWebImageCompat.m */; };
		183310531D3F1B6D0093D32E /* SDWebImageDecoder.m in Sources */ = {isa = PBXBuildFile; fileRef = 1833103A1D3F1B6D0093D32E /* SDWebImageDecoder.m */; };
		183310541D3F1B6D0093D32E /* SDWebImageDownloader.m in Sources */ = {isa = PBXBuildFile; fileRef = 1833103C1D3F1B6D0093D32E /* SDWebImageDownloader.m */; };
		183310551D3F1B6D0093D32E /* SDWebImageDownloaderOperation.m in Sources */ = {isa = PBXBuildFile; fileRef = 1833103E1D3F1B6D0093D32E /* SDWebImageDownloaderOperation.m */; };
		183310561D3F1B6D0093D32E /* SDWebImageManager.m in Sources */ = {isa = PBXBuildFile; fileRef = 183310401D3F1B6D0093D32E /* SDWebImageManager.m */; };
		183310571D3F1B6D0093D32E /* SDWebImagePrefetcher.m in Sources */ = {isa = PBXBuildFile; fileRef = 183310431D3F1B6D0093D32E /* SDWebImagePrefetcher.m */; };
		183310581D3F1B6D0093D32E /* UIButton+WebCache.m in Sources */ = {isa = PBXBuildFile; fileRef = 183310451D3F1B6D0093D32E /* UIButton+WebCache.m */; };
		183310591D3F1B6D0093D32E /* UIImage+GIF.m in Sources */ = {isa = PBXBuildFile; fileRef = 183310471D3F1B6D0093D32E /* UIImage+GIF.m */; };
		1833105A1D3F1B6D0093D32E /* UIImage+MultiFormat.m in Sources */ = {isa = PBXBuildFile; fileRef = 183310491D3F1B6D0093D32E /* UIImage+MultiFormat.m */; };
		1833105B1D3F1B6D0093D32E /* UIImageView+HighlightedWebCache.m in Sources */ = {isa = PBXBuildFile; fileRef = 1833104B1D3F1B6D0093D32E /* UIImageView+HighlightedWebCache.m */; };
		1833105C1D3F1B6D0093D32E /* UIImageView+WebCache.m in Sources */ = {isa = PBXBuildFile; fileRef = 1833104D1D3F1B6D0093D32E /* UIImageView+WebCache.m */; };
		1833105D1D3F1B6D0093D32E /* UIView+WebCacheOperation.m in Sources */ = {isa = PBXBuildFile; fileRef = 1833104F1D3F1B6D0093D32E /* UIView+WebCacheOperation.m */; };
		1833106C1D3F1BF40093D32E /* AFHTTPSessionManager.m in Sources */ = {isa = PBXBuildFile; fileRef = 183310601D3F1BF40093D32E /* AFHTTPSessionManager.m */; };
		1833106D1D3F1BF40093D32E /* AFNetworkReachabilityManager.m in Sources */ = {isa = PBXBuildFile; fileRef = 183310631D3F1BF40093D32E /* AFNetworkReachabilityManager.m */; };
		1833106E1D3F1BF40093D32E /* AFSecurityPolicy.m in Sources */ = {isa = PBXBuildFile; fileRef = 183310651D3F1BF40093D32E /* AFSecurityPolicy.m */; };
		1833106F1D3F1BF40093D32E /* AFURLRequestSerialization.m in Sources */ = {isa = PBXBuildFile; fileRef = 183310671D3F1BF40093D32E /* AFURLRequestSerialization.m */; };
		183310701D3F1BF40093D32E /* AFURLResponseSerialization.m in Sources */ = {isa = PBXBuildFile; fileRef = 183310691D3F1BF40093D32E /* AFURLResponseSerialization.m */; };
		183310711D3F1BF40093D32E /* AFURLSessionManager.m in Sources */ = {isa = PBXBuildFile; fileRef = 1833106B1D3F1BF40093D32E /* AFURLSessionManager.m */; };
		1834F0401D45C52B00F2A46E /* MBProgressHUD+XMG.m in Sources */ = {isa = PBXBuildFile; fileRef = 1834F03C1D45C52B00F2A46E /* MBProgressHUD+XMG.m */; };
		1834F0411D45C52B00F2A46E /* MBProgressHUD.bundle in Resources */ = {isa = PBXBuildFile; fileRef = 1834F03D1D45C52B00F2A46E /* MBProgressHUD.bundle */; };
		1834F0421D45C52B00F2A46E /* MBProgressHUD.m in Sources */ = {isa = PBXBuildFile; fileRef = 1834F03F1D45C52B00F2A46E /* MBProgressHUD.m */; };
		1834F0481D45F69800F2A46E /* RequestViewModel.m in Sources */ = {isa = PBXBuildFile; fileRef = 1834F0471D45F69800F2A46E /* RequestViewModel.m */; };
		1834F04B1D45F6A600F2A46E /* Book.m in Sources */ = {isa = PBXBuildFile; fileRef = 1834F04A1D45F6A600F2A46E /* Book.m */; };
		7013E6FE1BDCB1BD004FCFEC /* main.m in Sources */ = {isa = PBXBuildFile; fileRef = 7013E6FD1BDCB1BD004FCFEC /* main.m */; };
		7013E7011BDCB1BD004FCFEC /* AppDelegate.m in Sources */ = {isa = PBXBuildFile; fileRef = 7013E7001BDCB1BD004FCFEC /* AppDelegate.m */; };
		7013E7041BDCB1BD004FCFEC /* ViewController.m in Sources */ = {isa = PBXBuildFile; fileRef = 7013E7031BDCB1BD004FCFEC /* ViewController.m */; };
		7013E7071BDCB1BD004FCFEC /* Main.storyboard in Resources */ = {isa = PBXBuildFile; fileRef = 7013E7051BDCB1BD004FCFEC /* Main.storyboard */; };
		7013E7091BDCB1BD004FCFEC /* Assets.xcassets in Resources */ = {isa = PBXBuildFile; fileRef = 7013E7081BDCB1BD004FCFEC /* Assets.xcassets */; };
		7013E70C1BDCB1BD004FCFEC /* LaunchScreen.storyboard in Resources */ = {isa = PBXBuildFile; fileRef = 7013E70A1BDCB1BD004FCFEC /* LaunchScreen.storyboard */; };
		7013E7171BDCB1BD004FCFEC /* ReactiveCocoaTests.m in Sources */ = {isa = PBXBuildFile; fileRef = 7013E7161BDCB1BD004FCFEC /* ReactiveCocoaTests.m */; };
		7013E7221BDCB1BD004FCFEC /* ReactiveCocoaUITests.m in Sources */ = {isa = PBXBuildFile; fileRef = 7013E7211BDCB1BD004FCFEC /* ReactiveCocoaUITests.m */; };
		74579B1348F01228D55F59C0 /* Pods.framework in Frameworks */ = {isa = PBXBuildFile; fileRef = BF1EAF8C230E29A2247451C4 /* Pods.framework */; };
/* End PBXBuildFile section */

/* Begin PBXContainerItemProxy section */
		7013E7131BDCB1BD004FCFEC /* PBXContainerItemProxy */ = {
			isa = PBXContainerItemProxy;
			containerPortal = 7013E6F11BDCB1BD004FCFEC /* Project object */;
			proxyType = 1;
			remoteGlobalIDString = 7013E6F81BDCB1BD004FCFEC;
			remoteInfo = ReactiveCocoa;
		};
		7013E71E1BDCB1BD004FCFEC /* PBXContainerItemProxy */ = {
			isa = PBXContainerItemProxy;
			containerPortal = 7013E6F11BDCB1BD004FCFEC /* Project object */;
			proxyType = 1;
			remoteGlobalIDString = 7013E6F81BDCB1BD004FCFEC;
			remoteInfo = ReactiveCocoa;
		};
/* End PBXContainerItemProxy section */

/* Begin PBXFileReference section */
		10EBA21AB79D0AA5CD614B11 /* Pods.debug.xcconfig */ = {isa = PBXFileReference; includeInIndex = 1; lastKnownFileType = text.xcconfig; name = Pods.debug.xcconfig; path = "Pods/Target Support Files/Pods/Pods.debug.xcconfig"; sourceTree = "<group>"; };
		183310331D3F1B6D0093D32E /* NSData+ImageContentType.h */ = {isa = PBXFileReference; fileEncoding = 4; lastKnownFileType = sourcecode.c.h; path = "NSData+ImageContentType.h"; sourceTree = "<group>"; };
		183310341D3F1B6D0093D32E /* NSData+ImageContentType.m */ = {isa = PBXFileReference; fileEncoding = 4; lastKnownFileType = sourcecode.c.objc; path = "NSData+ImageContentType.m"; sourceTree = "<group>"; };
		183310351D3F1B6D0093D32E /* SDImageCache.h */ = {isa = PBXFileReference; fileEncoding = 4; lastKnownFileType = sourcecode.c.h; path = SDImageCache.h; sourceTree = "<group>"; };
		183310361D3F1B6D0093D32E /* SDImageCache.m */ = {isa = PBXFileReference; fileEncoding = 4; lastKnownFileType = sourcecode.c.objc; path = SDImageCache.m; sourceTree = "<group>"; };
		183310371D3F1B6D0093D32E /* SDWebImageCompat.h */ = {isa = PBXFileReference; fileEncoding = 4; lastKnownFileType = sourcecode.c.h; path = SDWebImageCompat.h; sourceTree = "<group>"; };
		183310381D3F1B6D0093D32E /* SDWebImageCompat.m */ = {isa = PBXFileReference; fileEncoding = 4; lastKnownFileType = sourcecode.c.objc; path = SDWebImageCompat.m; sourceTree = "<group>"; };
		183310391D3F1B6D0093D32E /* SDWebImageDecoder.h */ = {isa = PBXFileReference; fileEncoding = 4; lastKnownFileType = sourcecode.c.h; path = SDWebImageDecoder.h; sourceTree = "<group>"; };
		1833103A1D3F1B6D0093D32E /* SDWebImageDecoder.m */ = {isa = PBXFileReference; fileEncoding = 4; lastKnownFileType = sourcecode.c.objc; path = SDWebImageDecoder.m; sourceTree = "<group>"; };
		1833103B1D3F1B6D0093D32E /* SDWebImageDownloader.h */ = {isa = PBXFileReference; fileEncoding = 4; lastKnownFileType = sourcecode.c.h; path = SDWebImageDownloader.h; sourceTree = "<group>"; };
		1833103C1D3F1B6D0093D32E /* SDWebImageDownloader.m */ = {isa = PBXFileReference; fileEncoding = 4; lastKnownFileType = sourcecode.c.objc; path = SDWebImageDownloader.m; sourceTree = "<group>"; };
		1833103D1D3F1B6D0093D32E /* SDWebImageDownloaderOperation.h */ = {isa = PBXFileReference; fileEncoding = 4; lastKnownFileType = sourcecode.c.h; path = SDWebImageDownloaderOperation.h; sourceTree = "<group>"; };
		1833103E1D3F1B6D0093D32E /* SDWebImageDownloaderOperation.m */ = {isa = PBXFileReference; fileEncoding = 4; lastKnownFileType = sourcecode.c.objc; path = SDWebImageDownloaderOperation.m; sourceTree = "<group>"; };
		1833103F1D3F1B6D0093D32E /* SDWebImageManager.h */ = {isa = PBXFileReference; fileEncoding = 4; lastKnownFileType = sourcecode.c.h; path = SDWebImageManager.h; sourceTree = "<group>"; };
		183310401D3F1B6D0093D32E /* SDWebImageManager.m */ = {isa = PBXFileReference; fileEncoding = 4; lastKnownFileType = sourcecode.c.objc; path = SDWebImageManager.m; sourceTree = "<group>"; };
		183310411D3F1B6D0093D32E /* SDWebImageOperation.h */ = {isa = PBXFileReference; fileEncoding = 4; lastKnownFileType = sourcecode.c.h; path = SDWebImageOperation.h; sourceTree = "<group>"; };
		183310421D3F1B6D0093D32E /* SDWebImagePrefetcher.h */ = {isa = PBXFileReference; fileEncoding = 4; lastKnownFileType = sourcecode.c.h; path = SDWebImagePrefetcher.h; sourceTree = "<group>"; };
		183310431D3F1B6D0093D32E /* SDWebImagePrefetcher.m */ = {isa = PBXFileReference; fileEncoding = 4; lastKnownFileType = sourcecode.c.objc; path = SDWebImagePrefetcher.m; sourceTree = "<group>"; };
		183310441D3F1B6D0093D32E /* UIButton+WebCache.h */ = {isa = PBXFileReference; fileEncoding = 4; lastKnownFileType = sourcecode.c.h; path = "UIButton+WebCache.h"; sourceTree = "<group>"; };
		183310451D3F1B6D0093D32E /* UIButton+WebCache.m */ = {isa = PBXFileReference; fileEncoding = 4; lastKnownFileType = sourcecode.c.objc; path = "UIButton+WebCache.m"; sourceTree = "<group>"; };
		183310461D3F1B6D0093D32E /* UIImage+GIF.h */ = {isa = PBXFileReference; fileEncoding = 4; lastKnownFileType = sourcecode.c.h; path = "UIImage+GIF.h"; sourceTree = "<group>"; };
		183310471D3F1B6D0093D32E /* UIImage+GIF.m */ = {isa = PBXFileReference; fileEncoding = 4; lastKnownFileType = sourcecode.c.objc; path = "UIImage+GIF.m"; sourceTree = "<group>"; };
		183310481D3F1B6D0093D32E /* UIImage+MultiFormat.h */ = {isa = PBXFileReference; fileEncoding = 4; lastKnownFileType = sourcecode.c.h; path = "UIImage+MultiFormat.h"; sourceTree = "<group>"; };
		183310491D3F1B6D0093D32E /* UIImage+MultiFormat.m */ = {isa = PBXFileReference; fileEncoding = 4; lastKnownFileType = sourcecode.c.objc; path = "UIImage+MultiFormat.m"; sourceTree = "<group>"; };
		1833104A1D3F1B6D0093D32E /* UIImageView+HighlightedWebCache.h */ = {isa = PBXFileReference; fileEncoding = 4; lastKnownFileType = sourcecode.c.h; path = "UIImageView+HighlightedWebCache.h"; sourceTree = "<group>"; };
		1833104B1D3F1B6D0093D32E /* UIImageView+HighlightedWebCache.m */ = {isa = PBXFileReference; fileEncoding = 4; lastKnownFileType = sourcecode.c.objc; path = "UIImageView+HighlightedWebCache.m"; sourceTree = "<group>"; };
		1833104C1D3F1B6D0093D32E /* UIImageView+WebCache.h */ = {isa = PBXFileReference; fileEncoding = 4; lastKnownFileType = sourcecode.c.h; path = "UIImageView+WebCache.h"; sourceTree = "<group>"; };
		1833104D1D3F1B6D0093D32E /* UIImageView+WebCache.m */ = {isa = PBXFileReference; fileEncoding = 4; lastKnownFileType = sourcecode.c.objc; path = "UIImageView+WebCache.m"; sourceTree = "<group>"; };
		1833104E1D3F1B6D0093D32E /* UIView+WebCacheOperation.h */ = {isa = PBXFileReference; fileEncoding = 4; lastKnownFileType = sourcecode.c.h; path = "UIView+WebCacheOperation.h"; sourceTree = "<group>"; };
		1833104F1D3F1B6D0093D32E /* UIView+WebCacheOperation.m */ = {isa = PBXFileReference; fileEncoding = 4; lastKnownFileType = sourcecode.c.objc; path = "UIView+WebCacheOperation.m"; sourceTree = "<group>"; };
		1833105F1D3F1BF40093D32E /* AFHTTPSessionManager.h */ = {isa = PBXFileReference; fileEncoding = 4; lastKnownFileType = sourcecode.c.h; path = AFHTTPSessionManager.h; sourceTree = "<group>"; };
		183310601D3F1BF40093D32E /* AFHTTPSessionManager.m */ = {isa = PBXFileReference; fileEncoding = 4; lastKnownFileType = sourcecode.c.objc; path = AFHTTPSessionManager.m; sourceTree = "<group>"; };
		183310611D3F1BF40093D32E /* AFNetworking.h */ = {isa = PBXFileReference; fileEncoding = 4; lastKnownFileType = sourcecode.c.h; path = AFNetworking.h; sourceTree = "<group>"; };
		183310621D3F1BF40093D32E /* AFNetworkReachabilityManager.h */ = {isa = PBXFileReference; fileEncoding = 4; lastKnownFileType = sourcecode.c.h; path = AFNetworkReachabilityManager.h; sourceTree = "<group>"; };
		183310631D3F1BF40093D32E /* AFNetworkReachabilityManager.m */ = {isa = PBXFileReference; fileEncoding = 4; lastKnownFileType = sourcecode.c.objc; path = AFNetworkReachabilityManager.m; sourceTree = "<group>"; };
		183310641D3F1BF40093D32E /* AFSecurityPolicy.h */ = {isa = PBXFileReference; fileEncoding = 4; lastKnownFileType = sourcecode.c.h; path = AFSecurityPolicy.h; sourceTree = "<group>"; };
		183310651D3F1BF40093D32E /* AFSecurityPolicy.m */ = {isa = PBXFileReference; fileEncoding = 4; lastKnownFileType = sourcecode.c.objc; path = AFSecurityPolicy.m; sourceTree = "<group>"; };
		183310661D3F1BF40093D32E /* AFURLRequestSerialization.h */ = {isa = PBXFileReference; fileEncoding = 4; lastKnownFileType = sourcecode.c.h; path = AFURLRequestSerialization.h; sourceTree = "<group>"; };
		183310671D3F1BF40093D32E /* AFURLRequestSerialization.m */ = {isa = PBXFileReference; fileEncoding = 4; lastKnownFileType = sourcecode.c.objc; path = AFURLRequestSerialization.m; sourceTree = "<group>"; };
		183310681D3F1BF40093D32E /* AFURLResponseSerialization.h */ = {isa = PBXFileReference; fileEncoding = 4; lastKnownFileType = sourcecode.c.h; path = AFURLResponseSerialization.h; sourceTree = "<group>"; };
		183310691D3F1BF40093D32E /* AFURLResponseSerialization.m */ = {isa = PBXFileReference; fileEncoding = 4; lastKnownFileType = sourcecode.c.objc; path = AFURLResponseSerialization.m; sourceTree = "<group>"; };
		1833106A1D3F1BF40093D32E /* AFURLSessionManager.h */ = {isa = PBXFileReference; fileEncoding = 4; lastKnownFileType = sourcecode.c.h; path = AFURLSessionManager.h; sourceTree = "<group>"; };
		1833106B1D3F1BF40093D32E /* AFURLSessionManager.m */ = {isa = PBXFileReference; fileEncoding = 4; lastKnownFileType = sourcecode.c.objc; path = AFURLSessionManager.m; sourceTree = "<group>"; };
		1834F03B1D45C52B00F2A46E /* MBProgressHUD+XMG.h */ = {isa = PBXFileReference; fileEncoding = 4; lastKnownFileType = sourcecode.c.h; path = "MBProgressHUD+XMG.h"; sourceTree = "<group>"; };
		1834F03C1D45C52B00F2A46E /* MBProgressHUD+XMG.m */ = {isa = PBXFileReference; fileEncoding = 4; lastKnownFileType = sourcecode.c.objc; path = "MBProgressHUD+XMG.m"; sourceTree = "<group>"; };
		1834F03D1D45C52B00F2A46E /* MBProgressHUD.bundle */ = {isa = PBXFileReference; lastKnownFileType = "wrapper.plug-in"; path = MBProgressHUD.bundle; sourceTree = "<group>"; };
		1834F03E1D45C52B00F2A46E /* MBProgressHUD.h */ = {isa = PBXFileReference; fileEncoding = 4; lastKnownFileType = sourcecode.c.h; path = MBProgressHUD.h; sourceTree = "<group>"; };
		1834F03F1D45C52B00F2A46E /* MBProgressHUD.m */ = {isa = PBXFileReference; fileEncoding = 4; lastKnownFileType = sourcecode.c.objc; path = MBProgressHUD.m; sourceTree = "<group>"; };
		1834F0461D45F69800F2A46E /* RequestViewModel.h */ = {isa = PBXFileReference; fileEncoding = 4; lastKnownFileType = sourcecode.c.h; path = RequestViewModel.h; sourceTree = "<group>"; };
		1834F0471D45F69800F2A46E /* RequestViewModel.m */ = {isa = PBXFileReference; fileEncoding = 4; lastKnownFileType = sourcecode.c.objc; path = RequestViewModel.m; sourceTree = "<group>"; };
		1834F0491D45F6A600F2A46E /* Book.h */ = {isa = PBXFileReference; fileEncoding = 4; lastKnownFileType = sourcecode.c.h; path = Book.h; sourceTree = "<group>"; };
		1834F04A1D45F6A600F2A46E /* Book.m */ = {isa = PBXFileReference; fileEncoding = 4; lastKnownFileType = sourcecode.c.objc; path = Book.m; sourceTree = "<group>"; };
		4C46D27B0787B45B362D4975 /* Pods.release.xcconfig */ = {isa = PBXFileReference; includeInIndex = 1; lastKnownFileType = text.xcconfig; name = Pods.release.xcconfig; path = "Pods/Target Support Files/Pods/Pods.release.xcconfig"; sourceTree = "<group>"; };
		7013E6F91BDCB1BD004FCFEC /* ReactiveCocoa.app */ = {isa = PBXFileReference; explicitFileType = wrapper.application; includeInIndex = 0; path = ReactiveCocoa.app; sourceTree = BUILT_PRODUCTS_DIR; };
		7013E6FD1BDCB1BD004FCFEC /* main.m */ = {isa = PBXFileReference; lastKnownFileType = sourcecode.c.objc; path = main.m; sourceTree = "<group>"; };
		7013E6FF1BDCB1BD004FCFEC /* AppDelegate.h */ = {isa = PBXFileReference; lastKnownFileType = sourcecode.c.h; path = AppDelegate.h; sourceTree = "<group>"; };
		7013E7001BDCB1BD004FCFEC /* AppDelegate.m */ = {isa = PBXFileReference; lastKnownFileType = sourcecode.c.objc; path = AppDelegate.m; sourceTree = "<group>"; };
		7013E7021BDCB1BD004FCFEC /* ViewController.h */ = {isa = PBXFileReference; lastKnownFileType = sourcecode.c.h; path = ViewController.h; sourceTree = "<group>"; };
		7013E7031BDCB1BD004FCFEC /* ViewController.m */ = {isa = PBXFileReference; lastKnownFileType = sourcecode.c.objc; path = ViewController.m; sourceTree = "<group>"; };
		7013E7061BDCB1BD004FCFEC /* Base */ = {isa = PBXFileReference; lastKnownFileType = file.storyboard; name = Base; path = Base.lproj/Main.storyboard; sourceTree = "<group>"; };
		7013E7081BDCB1BD004FCFEC /* Assets.xcassets */ = {isa = PBXFileReference; lastKnownFileType = folder.assetcatalog; path = Assets.xcassets; sourceTree = "<group>"; };
		7013E70B1BDCB1BD004FCFEC /* Base */ = {isa = PBXFileReference; lastKnownFileType = file.storyboard; name = Base; path = Base.lproj/LaunchScreen.storyboard; sourceTree = "<group>"; };
		7013E70D1BDCB1BD004FCFEC /* Info.plist */ = {isa = PBXFileReference; lastKnownFileType = text.plist.xml; path = Info.plist; sourceTree = "<group>"; };
		7013E7121BDCB1BD004FCFEC /* ReactiveCocoaTests.xctest */ = {isa = PBXFileReference; explicitFileType = wrapper.cfbundle; includeInIndex = 0; path = ReactiveCocoaTests.xctest; sourceTree = BUILT_PRODUCTS_DIR; };
		7013E7161BDCB1BD004FCFEC /* ReactiveCocoaTests.m */ = {isa = PBXFileReference; lastKnownFileType = sourcecode.c.objc; path = ReactiveCocoaTests.m; sourceTree = "<group>"; };
		7013E7181BDCB1BD004FCFEC /* Info.plist */ = {isa = PBXFileReference; lastKnownFileType = text.plist.xml; path = Info.plist; sourceTree = "<group>"; };
		7013E71D1BDCB1BD004FCFEC /* ReactiveCocoaUITests.xctest */ = {isa = PBXFileReference; explicitFileType = wrapper.cfbundle; includeInIndex = 0; path = ReactiveCocoaUITests.xctest; sourceTree = BUILT_PRODUCTS_DIR; };
		7013E7211BDCB1BD004FCFEC /* ReactiveCocoaUITests.m */ = {isa = PBXFileReference; lastKnownFileType = sourcecode.c.objc; path = ReactiveCocoaUITests.m; sourceTree = "<group>"; };
		7013E7231BDCB1BD004FCFEC /* Info.plist */ = {isa = PBXFileReference; lastKnownFileType = text.plist.xml; path = Info.plist; sourceTree = "<group>"; };
		70E0CE5A1BDCB6FF00EA0EC3 /* GlobeHeader.h */ = {isa = PBXFileReference; lastKnownFileType = sourcecode.c.h; path = GlobeHeader.h; sourceTree = "<group>"; };
		BF1EAF8C230E29A2247451C4 /* Pods.framework */ = {isa = PBXFileReference; explicitFileType = wrapper.framework; includeInIndex = 0; path = Pods.framework; sourceTree = BUILT_PRODUCTS_DIR; };
/* End PBXFileReference section */

/* Begin PBXFrameworksBuildPhase section */
		7013E6F61BDCB1BD004FCFEC /* Frameworks */ = {
			isa = PBXFrameworksBuildPhase;
			buildActionMask = 2147483647;
			files = (
				74579B1348F01228D55F59C0 /* Pods.framework in Frameworks */,
			);
			runOnlyForDeploymentPostprocessing = 0;
		};
		7013E70F1BDCB1BD004FCFEC /* Frameworks */ = {
			isa = PBXFrameworksBuildPhase;
			buildActionMask = 2147483647;
			files = (
			);
			runOnlyForDeploymentPostprocessing = 0;
		};
		7013E71A1BDCB1BD004FCFEC /* Frameworks */ = {
			isa = PBXFrameworksBuildPhase;
			buildActionMask = 2147483647;
			files = (
			);
			runOnlyForDeploymentPostprocessing = 0;
		};
/* End PBXFrameworksBuildPhase section */

/* Begin PBXGroup section */
		183310321D3F1B6D0093D32E /* SDWebImage */ = {
			isa = PBXGroup;
			children = (
				183310331D3F1B6D0093D32E /* NSData+ImageContentType.h */,
				183310341D3F1B6D0093D32E /* NSData+ImageContentType.m */,
				183310351D3F1B6D0093D32E /* SDImageCache.h */,
				183310361D3F1B6D0093D32E /* SDImageCache.m */,
				183310371D3F1B6D0093D32E /* SDWebImageCompat.h */,
				183310381D3F1B6D0093D32E /* SDWebImageCompat.m */,
				183310391D3F1B6D0093D32E /* SDWebImageDecoder.h */,
				1833103A1D3F1B6D0093D32E /* SDWebImageDecoder.m */,
				1833103B1D3F1B6D0093D32E /* SDWebImageDownloader.h */,
				1833103C1D3F1B6D0093D32E /* SDWebImageDownloader.m */,
				1833103D1D3F1B6D0093D32E /* SDWebImageDownloaderOperation.h */,
				1833103E1D3F1B6D0093D32E /* SDWebImageDownloaderOperation.m */,
				1833103F1D3F1B6D0093D32E /* SDWebImageManager.h */,
				183310401D3F1B6D0093D32E /* SDWebImageManager.m */,
				183310411D3F1B6D0093D32E /* SDWebImageOperation.h */,
				183310421D3F1B6D0093D32E /* SDWebImagePrefetcher.h */,
				183310431D3F1B6D0093D32E /* SDWebImagePrefetcher.m */,
				183310441D3F1B6D0093D32E /* UIButton+WebCache.h */,
				183310451D3F1B6D0093D32E /* UIButton+WebCache.m */,
				183310461D3F1B6D0093D32E /* UIImage+GIF.h */,
				183310471D3F1B6D0093D32E /* UIImage+GIF.m */,
				183310481D3F1B6D0093D32E /* UIImage+MultiFormat.h */,
				183310491D3F1B6D0093D32E /* UIImage+MultiFormat.m */,
				1833104A1D3F1B6D0093D32E /* UIImageView+HighlightedWebCache.h */,
				1833104B1D3F1B6D0093D32E /* UIImageView+HighlightedWebCache.m */,
				1833104C1D3F1B6D0093D32E /* UIImageView+WebCache.h */,
				1833104D1D3F1B6D0093D32E /* UIImageView+WebCache.m */,
				1833104E1D3F1B6D0093D32E /* UIView+WebCacheOperation.h */,
				1833104F1D3F1B6D0093D32E /* UIView+WebCacheOperation.m */,
			);
			path = SDWebImage;
			sourceTree = "<group>";
		};
		1833105E1D3F1BF40093D32E /* AFNetworking */ = {
			isa = PBXGroup;
			children = (
				1833105F1D3F1BF40093D32E /* AFHTTPSessionManager.h */,
				183310601D3F1BF40093D32E /* AFHTTPSessionManager.m */,
				183310611D3F1BF40093D32E /* AFNetworking.h */,
				183310621D3F1BF40093D32E /* AFNetworkReachabilityManager.h */,
				183310631D3F1BF40093D32E /* AFNetworkReachabilityManager.m */,
				183310641D3F1BF40093D32E /* AFSecurityPolicy.h */,
				183310651D3F1BF40093D32E /* AFSecurityPolicy.m */,
				183310661D3F1BF40093D32E /* AFURLRequestSerialization.h */,
				183310671D3F1BF40093D32E /* AFURLRequestSerialization.m */,
				183310681D3F1BF40093D32E /* AFURLResponseSerialization.h */,
				183310691D3F1BF40093D32E /* AFURLResponseSerialization.m */,
				1833106A1D3F1BF40093D32E /* AFURLSessionManager.h */,
				1833106B1D3F1BF40093D32E /* AFURLSessionManager.m */,
			);
			path = AFNetworking;
			sourceTree = "<group>";
		};
		1834F03A1D45C52B00F2A46E /* MBProgressHUD */ = {
			isa = PBXGroup;
			children = (
				1834F03B1D45C52B00F2A46E /* MBProgressHUD+XMG.h */,
				1834F03C1D45C52B00F2A46E /* MBProgressHUD+XMG.m */,
				1834F03D1D45C52B00F2A46E /* MBProgressHUD.bundle */,
				1834F03E1D45C52B00F2A46E /* MBProgressHUD.h */,
				1834F03F1D45C52B00F2A46E /* MBProgressHUD.m */,
			);
			path = MBProgressHUD;
			sourceTree = "<group>";
		};
		7013E6F01BDCB1BD004FCFEC = {
			isa = PBXGroup;
			children = (
				7013E6FB1BDCB1BD004FCFEC /* ReactiveCocoa */,
				7013E7151BDCB1BD004FCFEC /* ReactiveCocoaTests */,
				7013E7201BDCB1BD004FCFEC /* ReactiveCocoaUITests */,
				7013E6FA1BDCB1BD004FCFEC /* Products */,
				8F044285D518E41C1DF4551A /* Pods */,
				CD39941C7D88D571748BF6CA /* Frameworks */,
			);
			sourceTree = "<group>";
		};
		7013E6FA1BDCB1BD004FCFEC /* Products */ = {
			isa = PBXGroup;
			children = (
				7013E6F91BDCB1BD004FCFEC /* ReactiveCocoa.app */,
				7013E7121BDCB1BD004FCFEC /* ReactiveCocoaTests.xctest */,
				7013E71D1BDCB1BD004FCFEC /* ReactiveCocoaUITests.xctest */,
			);
			name = Products;
			sourceTree = "<group>";
		};
		7013E6FB1BDCB1BD004FCFEC /* ReactiveCocoa */ = {
			isa = PBXGroup;
			children = (
				7013E6FF1BDCB1BD004FCFEC /* AppDelegate.h */,
				7013E7001BDCB1BD004FCFEC /* AppDelegate.m */,
				7013E7021BDCB1BD004FCFEC /* ViewController.h */,
				7013E7031BDCB1BD004FCFEC /* ViewController.m */,
				1834F0461D45F69800F2A46E /* RequestViewModel.h */,
				1834F0471D45F69800F2A46E /* RequestViewModel.m */,
				1834F0491D45F6A600F2A46E /* Book.h */,
				1834F04A1D45F6A600F2A46E /* Book.m */,
				7013E7051BDCB1BD004FCFEC /* Main.storyboard */,
				7013E7081BDCB1BD004FCFEC /* Assets.xcassets */,
				7013E70A1BDCB1BD004FCFEC /* LaunchScreen.storyboard */,
				7013E70D1BDCB1BD004FCFEC /* Info.plist */,
				7013E6FC1BDCB1BD004FCFEC /* Supporting Files */,
				70E0CE5A1BDCB6FF00EA0EC3 /* GlobeHeader.h */,
			);
			path = ReactiveCocoa;
			sourceTree = "<group>";
		};
		7013E6FC1BDCB1BD004FCFEC /* Supporting Files */ = {
			isa = PBXGroup;
			children = (
				1834F03A1D45C52B00F2A46E /* MBProgressHUD */,
				183310321D3F1B6D0093D32E /* SDWebImage */,
				1833105E1D3F1BF40093D32E /* AFNetworking */,
				7013E6FD1BDCB1BD004FCFEC /* main.m */,
			);
			name = "Supporting Files";
			sourceTree = "<group>";
		};
		7013E7151BDCB1BD004FCFEC /* ReactiveCocoaTests */ = {
			isa = PBXGroup;
			children = (
				7013E7161BDCB1BD004FCFEC /* ReactiveCocoaTests.m */,
				7013E7181BDCB1BD004FCFEC /* Info.plist */,
			);
			path = ReactiveCocoaTests;
			sourceTree = "<group>";
		};
		7013E7201BDCB1BD004FCFEC /* ReactiveCocoaUITests */ = {
			isa = PBXGroup;
			children = (
				7013E7211BDCB1BD004FCFEC /* ReactiveCocoaUITests.m */,
				7013E7231BDCB1BD004FCFEC /* Info.plist */,
			);
			path = ReactiveCocoaUITests;
			sourceTree = "<group>";
		};
		8F044285D518E41C1DF4551A /* Pods */ = {
			isa = PBXGroup;
			children = (
				10EBA21AB79D0AA5CD614B11 /* Pods.debug.xcconfig */,
				4C46D27B0787B45B362D4975 /* Pods.release.xcconfig */,
			);
			name = Pods;
			sourceTree = "<group>";
		};
		CD39941C7D88D571748BF6CA /* Frameworks */ = {
			isa = PBXGroup;
			children = (
				BF1EAF8C230E29A2247451C4 /* Pods.framework */,
			);
			name = Frameworks;
			sourceTree = "<group>";
		};
/* End PBXGroup section */

/* Begin PBXNativeTarget section */
		7013E6F81BDCB1BD004FCFEC /* ReactiveCocoa */ = {
			isa = PBXNativeTarget;
			buildConfigurationList = 7013E7261BDCB1BD004FCFEC /* Build configuration list for PBXNativeTarget "ReactiveCocoa" */;
			buildPhases = (
				D83472C4CF8C3F9DEBB08AEF /* Check Pods Manifest.lock */,
				7013E6F51BDCB1BD004FCFEC /* Sources */,
				7013E6F61BDCB1BD004FCFEC /* Frameworks */,
				7013E6F71BDCB1BD004FCFEC /* Resources */,
				137680F4E1D697128BAFB5FE /* Embed Pods Frameworks */,
				C8A2A30341D0F6398CB996DF /* Copy Pods Resources */,
			);
			buildRules = (
			);
			dependencies = (
			);
			name = ReactiveCocoa;
			productName = ReactiveCocoa;
			productReference = 7013E6F91BDCB1BD004FCFEC /* ReactiveCocoa.app */;
			productType = "com.apple.product-type.application";
		};
		7013E7111BDCB1BD004FCFEC /* ReactiveCocoaTests */ = {
			isa = PBXNativeTarget;
			buildConfigurationList = 7013E7291BDCB1BD004FCFEC /* Build configuration list for PBXNativeTarget "ReactiveCocoaTests" */;
			buildPhases = (
				7013E70E1BDCB1BD004FCFEC /* Sources */,
				7013E70F1BDCB1BD004FCFEC /* Frameworks */,
				7013E7101BDCB1BD004FCFEC /* Resources */,
			);
			buildRules = (
			);
			dependencies = (
				7013E7141BDCB1BD004FCFEC /* PBXTargetDependency */,
			);
			name = ReactiveCocoaTests;
			productName = ReactiveCocoaTests;
			productReference = 7013E7121BDCB1BD004FCFEC /* ReactiveCocoaTests.xctest */;
			productType = "com.apple.product-type.bundle.unit-test";
		};
		7013E71C1BDCB1BD004FCFEC /* ReactiveCocoaUITests */ = {
			isa = PBXNativeTarget;
			buildConfigurationList = 7013E72C1BDCB1BD004FCFEC /* Build configuration list for PBXNativeTarget "ReactiveCocoaUITests" */;
			buildPhases = (
				7013E7191BDCB1BD004FCFEC /* Sources */,
				7013E71A1BDCB1BD004FCFEC /* Frameworks */,
				7013E71B1BDCB1BD004FCFEC /* Resources */,
			);
			buildRules = (
			);
			dependencies = (
				7013E71F1BDCB1BD004FCFEC /* PBXTargetDependency */,
			);
			name = ReactiveCocoaUITests;
			productName = ReactiveCocoaUITests;
			productReference = 7013E71D1BDCB1BD004FCFEC /* ReactiveCocoaUITests.xctest */;
			productType = "com.apple.product-type.bundle.ui-testing";
		};
/* End PBXNativeTarget section */

/* Begin PBXProject section */
		7013E6F11BDCB1BD004FCFEC /* Project object */ = {
			isa = PBXProject;
			attributes = {
				LastUpgradeCheck = 0700;
				ORGANIZATIONNAME = xiaomage;
				TargetAttributes = {
					7013E6F81BDCB1BD004FCFEC = {
						CreatedOnToolsVersion = 7.0;
					};
					7013E7111BDCB1BD004FCFEC = {
						CreatedOnToolsVersion = 7.0;
						DevelopmentTeam = GQ2CH5MRX4;
						TestTargetID = 7013E6F81BDCB1BD004FCFEC;
					};
					7013E71C1BDCB1BD004FCFEC = {
						CreatedOnToolsVersion = 7.0;
						DevelopmentTeam = GQ2CH5MRX4;
						TestTargetID = 7013E6F81BDCB1BD004FCFEC;
					};
				};
			};
			buildConfigurationList = 7013E6F41BDCB1BD004FCFEC /* Build configuration list for PBXProject "ReactiveCocoa" */;
			compatibilityVersion = "Xcode 3.2";
			developmentRegion = English;
			hasScannedForEncodings = 0;
			knownRegions = (
				en,
				Base,
			);
			mainGroup = 7013E6F01BDCB1BD004FCFEC;
			productRefGroup = 7013E6FA1BDCB1BD004FCFEC /* Products */;
			projectDirPath = "";
			projectRoot = "";
			targets = (
				7013E6F81BDCB1BD004FCFEC /* ReactiveCocoa */,
				7013E7111BDCB1BD004FCFEC /* ReactiveCocoaTests */,
				7013E71C1BDCB1BD004FCFEC /* ReactiveCocoaUITests */,
			);
		};
/* End PBXProject section */

/* Begin PBXResourcesBuildPhase section */
		7013E6F71BDCB1BD004FCFEC /* Resources */ = {
			isa = PBXResourcesBuildPhase;
			buildActionMask = 2147483647;
			files = (
				7013E70C1BDCB1BD004FCFEC /* LaunchScreen.storyboard in Resources */,
				1834F0411D45C52B00F2A46E /* MBProgressHUD.bundle in Resources */,
				7013E7091BDCB1BD004FCFEC /* Assets.xcassets in Resources */,
				7013E7071BDCB1BD004FCFEC /* Main.storyboard in Resources */,
			);
			runOnlyForDeploymentPostprocessing = 0;
		};
		7013E7101BDCB1BD004FCFEC /* Resources */ = {
			isa = PBXResourcesBuildPhase;
			buildActionMask = 2147483647;
			files = (
			);
			runOnlyForDeploymentPostprocessing = 0;
		};
		7013E71B1BDCB1BD004FCFEC /* Resources */ = {
			isa = PBXResourcesBuildPhase;
			buildActionMask = 2147483647;
			files = (
			);
			runOnlyForDeploymentPostprocessing = 0;
		};
/* End PBXResourcesBuildPhase section */

/* Begin PBXShellScriptBuildPhase section */
		137680F4E1D697128BAFB5FE /* Embed Pods Frameworks */ = {
			isa = PBXShellScriptBuildPhase;
			buildActionMask = 2147483647;
			files = (
			);
			inputPaths = (
			);
			name = "Embed Pods Frameworks";
			outputPaths = (
			);
			runOnlyForDeploymentPostprocessing = 0;
			shellPath = /bin/sh;
			shellScript = "\"${SRCROOT}/Pods/Target Support Files/Pods/Pods-frameworks.sh\"\n";
			showEnvVarsInLog = 0;
		};
		C8A2A30341D0F6398CB996DF /* Copy Pods Resources */ = {
			isa = PBXShellScriptBuildPhase;
			buildActionMask = 2147483647;
			files = (
			);
			inputPaths = (
			);
			name = "Copy Pods Resources";
			outputPaths = (
			);
			runOnlyForDeploymentPostprocessing = 0;
			shellPath = /bin/sh;
			shellScript = "\"${SRCROOT}/Pods/Target Support Files/Pods/Pods-resources.sh\"\n";
			showEnvVarsInLog = 0;
		};
		D83472C4CF8C3F9DEBB08AEF /* Check Pods Manifest.lock */ = {
			isa = PBXShellScriptBuildPhase;
			buildActionMask = 2147483647;
			files = (
			);
			inputPaths = (
			);
			name = "Check Pods Manifest.lock";
			outputPaths = (
			);
			runOnlyForDeploymentPostprocessing = 0;
			shellPath = /bin/sh;
			shellScript = "diff \"${PODS_ROOT}/../Podfile.lock\" \"${PODS_ROOT}/Manifest.lock\" > /dev/null\nif [[ $? != 0 ]] ; then\n    cat << EOM\nerror: The sandbox is not in sync with the Podfile.lock. Run 'pod install' or update your CocoaPods installation.\nEOM\n    exit 1\nfi\n";
			showEnvVarsInLog = 0;
		};
/* End PBXShellScriptBuildPhase section */

/* Begin PBXSourcesBuildPhase section */
		7013E6F51BDCB1BD004FCFEC /* Sources */ = {
			isa = PBXSourcesBuildPhase;
			buildActionMask = 2147483647;
			files = (
				183310501D3F1B6D0093D32E /* NSData+ImageContentType.m in Sources */,
				1833106C1D3F1BF40093D32E /* AFHTTPSessionManager.m in Sources */,
				1833106D1D3F1BF40093D32E /* AFNetworkReachabilityManager.m in Sources */,
				183310561D3F1B6D0093D32E /* SDWebImageManager.m in Sources */,
				1833105B1D3F1B6D0093D32E /* UIImageView+HighlightedWebCache.m in Sources */,
				183310541D3F1B6D0093D32E /* SDWebImageDownloader.m in Sources */,
				1833105C1D3F1B6D0093D32E /* UIImageView+WebCache.m in Sources */,
				1833106F1D3F1BF40093D32E /* AFURLRequestSerialization.m in Sources */,
				1833106E1D3F1BF40093D32E /* AFSecurityPolicy.m in Sources */,
				1834F0421D45C52B00F2A46E /* MBProgressHUD.m in Sources */,
				1834F04B1D45F6A600F2A46E /* Book.m in Sources */,
				183310711D3F1BF40093D32E /* AFURLSessionManager.m in Sources */,
				183310511D3F1B6D0093D32E /* SDImageCache.m in Sources */,
				7013E7041BDCB1BD004FCFEC /* ViewController.m in Sources */,
				183310531D3F1B6D0093D32E /* SDWebImageDecoder.m in Sources */,
				1833105A1D3F1B6D0093D32E /* UIImage+MultiFormat.m in Sources */,
				183310551D3F1B6D0093D32E /* SDWebImageDownloaderOperation.m in Sources */,
				7013E7011BDCB1BD004FCFEC /* AppDelegate.m in Sources */,
				183310581D3F1B6D0093D32E /* UIButton+WebCache.m in Sources */,
				1834F0481D45F69800F2A46E /* RequestViewModel.m in Sources */,
				183310571D3F1B6D0093D32E /* SDWebImagePrefetcher.m in Sources */,
				1834F0401D45C52B00F2A46E /* MBProgressHUD+XMG.m in Sources */,
				183310521D3F1B6D0093D32E /* SDWebImageCompat.m in Sources */,
				183310591D3F1B6D0093D32E /* UIImage+GIF.m in Sources */,
				1833105D1D3F1B6D0093D32E /* UIView+WebCacheOperation.m in Sources */,
				7013E6FE1BDCB1BD004FCFEC /* main.m in Sources */,
				183310701D3F1BF40093D32E /* AFURLResponseSerialization.m in Sources */,
			);
			runOnlyForDeploymentPostprocessing = 0;
		};
		7013E70E1BDCB1BD004FCFEC /* Sources */ = {
			isa = PBXSourcesBuildPhase;
			buildActionMask = 2147483647;
			files = (
				7013E7171BDCB1BD004FCFEC /* ReactiveCocoaTests.m in Sources */,
			);
			runOnlyForDeploymentPostprocessing = 0;
		};
		7013E7191BDCB1BD004FCFEC /* Sources */ = {
			isa = PBXSourcesBuildPhase;
			buildActionMask = 2147483647;
			files = (
				7013E7221BDCB1BD004FCFEC /* ReactiveCocoaUITests.m in Sources */,
			);
			runOnlyForDeploymentPostprocessing = 0;
		};
/* End PBXSourcesBuildPhase section */

/* Begin PBXTargetDependency section */
		7013E7141BDCB1BD004FCFEC /* PBXTargetDependency */ = {
			isa = PBXTargetDependency;
			target = 7013E6F81BDCB1BD004FCFEC /* ReactiveCocoa */;
			targetProxy = 7013E7131BDCB1BD004FCFEC /* PBXContainerItemProxy */;
		};
		7013E71F1BDCB1BD004FCFEC /* PBXTargetDependency */ = {
			isa = PBXTargetDependency;
			target = 7013E6F81BDCB1BD004FCFEC /* ReactiveCocoa */;
			targetProxy = 7013E71E1BDCB1BD004FCFEC /* PBXContainerItemProxy */;
		};
/* End PBXTargetDependency section */

/* Begin PBXVariantGroup section */
		7013E7051BDCB1BD004FCFEC /* Main.storyboard */ = {
			isa = PBXVariantGroup;
			children = (
				7013E7061BDCB1BD004FCFEC /* Base */,
			);
			name = Main.storyboard;
			sourceTree = "<group>";
		};
		7013E70A1BDCB1BD004FCFEC /* LaunchScreen.storyboard */ = {
			isa = PBXVariantGroup;
			children = (
				7013E70B1BDCB1BD004FCFEC /* Base */,
			);
			name = LaunchScreen.storyboard;
			sourceTree = "<group>";
		};
/* End PBXVariantGroup section */

/* Begin XCBuildConfiguration section */
		7013E7241BDCB1BD004FCFEC /* Debug */ = {
			isa = XCBuildConfiguration;
			buildSettings = {
				ALWAYS_SEARCH_USER_PATHS = NO;
				CLANG_CXX_LANGUAGE_STANDARD = "gnu++0x";
				CLANG_CXX_LIBRARY = "libc++";
				CLANG_ENABLE_MODULES = YES;
				CLANG_ENABLE_OBJC_ARC = YES;
				CLANG_WARN_BOOL_CONVERSION = YES;
				CLANG_WARN_CONSTANT_CONVERSION = YES;
				CLANG_WARN_DIRECT_OBJC_ISA_USAGE = YES_ERROR;
				CLANG_WARN_EMPTY_BODY = YES;
				CLANG_WARN_ENUM_CONVERSION = YES;
				CLANG_WARN_INT_CONVERSION = YES;
				CLANG_WARN_OBJC_ROOT_CLASS = YES_ERROR;
				CLANG_WARN_UNREACHABLE_CODE = YES;
				CLANG_WARN__DUPLICATE_METHOD_MATCH = YES;
				"CODE_SIGN_IDENTITY[sdk=iphoneos*]" = "iPhone Developer";
				COPY_PHASE_STRIP = NO;
				DEBUG_INFORMATION_FORMAT = dwarf;
				ENABLE_STRICT_OBJC_MSGSEND = YES;
				ENABLE_TESTABILITY = YES;
				GCC_C_LANGUAGE_STANDARD = gnu99;
				GCC_DYNAMIC_NO_PIC = NO;
				GCC_NO_COMMON_BLOCKS = YES;
				GCC_OPTIMIZATION_LEVEL = 0;
				GCC_PREPROCESSOR_DEFINITIONS = (
					"DEBUG=1",
					"$(inherited)",
				);
				GCC_WARN_64_TO_32_BIT_CONVERSION = YES;
				GCC_WARN_ABOUT_RETURN_TYPE = YES_ERROR;
				GCC_WARN_UNDECLARED_SELECTOR = YES;
				GCC_WARN_UNINITIALIZED_AUTOS = YES_AGGRESSIVE;
				GCC_WARN_UNUSED_FUNCTION = YES;
				GCC_WARN_UNUSED_VARIABLE = YES;
				IPHONEOS_DEPLOYMENT_TARGET = 9.0;
				MTL_ENABLE_DEBUG_INFO = YES;
				ONLY_ACTIVE_ARCH = YES;
				SDKROOT = iphoneos;
				TARGETED_DEVICE_FAMILY = "1,2";
			};
			name = Debug;
		};
		7013E7251BDCB1BD004FCFEC /* Release */ = {
			isa = XCBuildConfiguration;
			buildSettings = {
				ALWAYS_SEARCH_USER_PATHS = NO;
				CLANG_CXX_LANGUAGE_STANDARD = "gnu++0x";
				CLANG_CXX_LIBRARY = "libc++";
				CLANG_ENABLE_MODULES = YES;
				CLANG_ENABLE_OBJC_ARC = YES;
				CLANG_WARN_BOOL_CONVERSION = YES;
				CLANG_WARN_CONSTANT_CONVERSION = YES;
				CLANG_WARN_DIRECT_OBJC_ISA_USAGE = YES_ERROR;
				CLANG_WARN_EMPTY_BODY = YES;
				CLANG_WARN_ENUM_CONVERSION = YES;
				CLANG_WARN_INT_CONVERSION = YES;
				CLANG_WARN_OBJC_ROOT_CLASS = YES_ERROR;
				CLANG_WARN_UNREACHABLE_CODE = YES;
				CLANG_WARN__DUPLICATE_METHOD_MATCH = YES;
				"CODE_SIGN_IDENTITY[sdk=iphoneos*]" = "iPhone Developer";
				COPY_PHASE_STRIP = NO;
				DEBUG_INFORMATION_FORMAT = "dwarf-with-dsym";
				ENABLE_NS_ASSERTIONS = NO;
				ENABLE_STRICT_OBJC_MSGSEND = YES;
				GCC_C_LANGUAGE_STANDARD = gnu99;
				GCC_NO_COMMON_BLOCKS = YES;
				GCC_WARN_64_TO_32_BIT_CONVERSION = YES;
				GCC_WARN_ABOUT_RETURN_TYPE = YES_ERROR;
				GCC_WARN_UNDECLARED_SELECTOR = YES;
				GCC_WARN_UNINITIALIZED_AUTOS = YES_AGGRESSIVE;
				GCC_WARN_UNUSED_FUNCTION = YES;
				GCC_WARN_UNUSED_VARIABLE = YES;
				IPHONEOS_DEPLOYMENT_TARGET = 9.0;
				MTL_ENABLE_DEBUG_INFO = NO;
				SDKROOT = iphoneos;
				TARGETED_DEVICE_FAMILY = "1,2";
				VALIDATE_PRODUCT = YES;
			};
			name = Release;
		};
		7013E7271BDCB1BD004FCFEC /* Debug */ = {
			isa = XCBuildConfiguration;
			baseConfigurationReference = 10EBA21AB79D0AA5CD614B11 /* Pods.debug.xcconfig */;
			buildSettings = {
				ASSETCATALOG_COMPILER_APPICON_NAME = AppIcon;
				CODE_SIGN_IDENTITY = "iPhone Developer";
				INFOPLIST_FILE = ReactiveCocoa/Info.plist;
				LD_RUNPATH_SEARCH_PATHS = "$(inherited) @executable_path/Frameworks";
				PRODUCT_BUNDLE_IDENTIFIER = xmg.ReactiveCocoa;
				PRODUCT_NAME = "$(TARGET_NAME)";
			};
			name = Debug;
		};
		7013E7281BDCB1BD004FCFEC /* Release */ = {
			isa = XCBuildConfiguration;
			baseConfigurationReference = 4C46D27B0787B45B362D4975 /* Pods.release.xcconfig */;
			buildSettings = {
				ASSETCATALOG_COMPILER_APPICON_NAME = AppIcon;
				CODE_SIGN_IDENTITY = "iPhone Developer";
				INFOPLIST_FILE = ReactiveCocoa/Info.plist;
				LD_RUNPATH_SEARCH_PATHS = "$(inherited) @executable_path/Frameworks";
				PRODUCT_BUNDLE_IDENTIFIER = xmg.ReactiveCocoa;
				PRODUCT_NAME = "$(TARGET_NAME)";
			};
			name = Release;
		};
		7013E72A1BDCB1BD004FCFEC /* Debug */ = {
			isa = XCBuildConfiguration;
			buildSettings = {
				BUNDLE_LOADER = "$(TEST_HOST)";
				INFOPLIST_FILE = ReactiveCocoaTests/Info.plist;
				LD_RUNPATH_SEARCH_PATHS = "$(inherited) @executable_path/Frameworks @loader_path/Frameworks";
				PRODUCT_BUNDLE_IDENTIFIER = xmg.ReactiveCocoaTests;
				PRODUCT_NAME = "$(TARGET_NAME)";
				TEST_HOST = "$(BUILT_PRODUCTS_DIR)/ReactiveCocoa.app/ReactiveCocoa";
			};
			name = Debug;
		};
		7013E72B1BDCB1BD004FCFEC /* Release */ = {
			isa = XCBuildConfiguration;
			buildSettings = {
				BUNDLE_LOADER = "$(TEST_HOST)";
				INFOPLIST_FILE = ReactiveCocoaTests/Info.plist;
				LD_RUNPATH_SEARCH_PATHS = "$(inherited) @executable_path/Frameworks @loader_path/Frameworks";
				PRODUCT_BUNDLE_IDENTIFIER = xmg.ReactiveCocoaTests;
				PRODUCT_NAME = "$(TARGET_NAME)";
				TEST_HOST = "$(BUILT_PRODUCTS_DIR)/ReactiveCocoa.app/ReactiveCocoa";
			};
			name = Release;
		};
		7013E72D1BDCB1BD004FCFEC /* Debug */ = {
			isa = XCBuildConfiguration;
			buildSettings = {
				INFOPLIST_FILE = ReactiveCocoaUITests/Info.plist;
				LD_RUNPATH_SEARCH_PATHS = "$(inherited) @executable_path/Frameworks @loader_path/Frameworks";
				PRODUCT_BUNDLE_IDENTIFIER = xmg.ReactiveCocoaUITests;
				PRODUCT_NAME = "$(TARGET_NAME)";
				TEST_TARGET_NAME = ReactiveCocoa;
				USES_XCTRUNNER = YES;
			};
			name = Debug;
		};
		7013E72E1BDCB1BD004FCFEC /* Release */ = {
			isa = XCBuildConfiguration;
			buildSettings = {
				INFOPLIST_FILE = ReactiveCocoaUITests/Info.plist;
				LD_RUNPATH_SEARCH_PATHS = "$(inherited) @executable_path/Frameworks @loader_path/Frameworks";
				PRODUCT_BUNDLE_IDENTIFIER = xmg.ReactiveCocoaUITests;
				PRODUCT_NAME = "$(TARGET_NAME)";
				TEST_TARGET_NAME = ReactiveCocoa;
				USES_XCTRUNNER = YES;
			};
			name = Release;
		};
/* End XCBuildConfiguration section */

/* Begin XCConfigurationList section */
		7013E6F41BDCB1BD004FCFEC /* Build configuration list for PBXProject "ReactiveCocoa" */ = {
			isa = XCConfigurationList;
			buildConfigurations = (
				7013E7241BDCB1BD004FCFEC /* Debug */,
				7013E7251BDCB1BD004FCFEC /* Release */,
			);
			defaultConfigurationIsVisible = 0;
			defaultConfigurationName = Release;
		};
		7013E7261BDCB1BD004FCFEC /* Build configuration list for PBXNativeTarget "ReactiveCocoa" */ = {
			isa = XCConfigurationList;
			buildConfigurations = (
				7013E7271BDCB1BD004FCFEC /* Debug */,
				7013E7281BDCB1BD004FCFEC /* Release */,
			);
			defaultConfigurationIsVisible = 0;
			defaultConfigurationName = Release;
		};
		7013E7291BDCB1BD004FCFEC /* Build configuration list for PBXNativeTarget "ReactiveCocoaTests" */ = {
			isa = XCConfigurationList;
			buildConfigurations = (
				7013E72A1BDCB1BD004FCFEC /* Debug */,
				7013E72B1BDCB1BD004FCFEC /* Release */,
			);
			defaultConfigurationIsVisible = 0;
			defaultConfigurationName = Release;
		};
		7013E72C1BDCB1BD004FCFEC /* Build configuration list for PBXNativeTarget "ReactiveCocoaUITests" */ = {
			isa = XCConfigurationList;
			buildConfigurations = (
				7013E72D1BDCB1BD004FCFEC /* Debug */,
				7013E72E1BDCB1BD004FCFEC /* Release */,
			);
			defaultConfigurationIsVisible = 0;
			defaultConfigurationName = Release;
		};
/* End XCConfigurationList section */
	};
	rootObject = 7013E6F11BDCB1BD004FCFEC /* Project object */;
}
